dependencies:
  espressif/esp_websocket_client:
    component_hash: 3fb288702517ef4d75bf933a115f1056ee0c2540d964f9e1d856e0bb67e1dfeb
    dependencies:
    - name: idf
      require: private
      version: '>=5.0'
    source:
      registry_url: https://components.espressif.com/
      type: service
    version: 1.7.0
  espressif/mdns:
    component_hash: 291732b5df4d181eb75eba9042799a508c4c124503a0c0573132a0a48d2e3fbe
    dependencies:
    - name: idf
      require: private
      version: '>=5.0'
    source:
      registry_url: https://components.espressif.com/
      type: service
    version: 1.11.2
  idf:
    source:
      type: idf
    version: 6.0.1
  lvgl/lvgl:
    component_hash: 184e532558c1c45fefed631f3e235423d22582aafb4630f3e8885c35281a49ae
    dependencies: []
    source:
      registry_url: https://components.espressif.com
      type: service
    version: 9.5.0
  tuanpmt/esp_epaper:
    component_hash: 6962768da0b1ac4908a72c9991141c7878975e1bec363de1adcab52f49ee8e3e
    dependencies:
    - name: idf
      require: private
      version: '>=5.0.0'
    - name: lvgl/lvgl
      registry_url: https://components.espressif.com
      require: public
      version: ^9.0.0
    source:
      registry_url: https://components.espressif.com/
      type: service
    targets:
    - esp32
    - esp32s2
    - esp32s3
    - esp32c3
    - esp32c6
    version: 1.0.4
direct_dependencies:
- espressif/esp_websocket_client
- espressif/mdns
- tuanpmt/esp_epaper
manifest_hash: c4164dd9e20a13158b1605d3219e51e5637ab9b7864ac820a3c8f399ad57e0f6
target: esp32c6
version: 3.0.0
